
Microsoft Visual Studio Solution File, Format Version 12.00
# Visual Studio Version 16
VisualStudioVersion = 16.0.31515.178
MinimumVisualStudioVersion = 10.0.40219.1
Project("{888888A0-9F3D-457C-B088-3A5042F75D52}") = "CIS261CourseProjectPhase1", "CIS261CourseProjectPhase1.pyproj", "{0DA6594D-4E37-4EC8-8CEA-FB11454B36D1}"
EndProject
Global
	GlobalSection(SolutionConfigurationPlatforms) = preSolution
		Debug|Any CPU = Debug|Any CPU
		Release|Any CPU = Release|Any CPU
	EndGlobalSection
	GlobalSection(ProjectConfigurationPlatforms) = postSolution
		{0DA6594D-4E37-4EC8-8CEA-FB11454B36D1}.Debug|Any CPU.ActiveCfg = Debug|Any CPU
		{0DA6594D-4E37-4EC8-8CEA-FB11454B36D1}.Release|Any CPU.ActiveCfg = Release|Any CPU
	EndGlobalSection
	GlobalSection(SolutionProperties) = preSolution
		HideSolutionNode = FALSE
	EndGlobalSection
	GlobalSection(ExtensibilityGlobals) = postSolution
		SolutionGuid = {E32B2C2E-BC7E-4C46-825F-82A44E882ABB}
	EndGlobalSection
EndGlobal
